// !$*UTF8*$!
{
	archiveVersion = 1;
	classes = {
	};
	objectVersion = 46;
	objects = {

/* Begin PBXBuildFile section */
		9E4C9B42189C217A00665BC3 /* Cocoa.framework in Frameworks */ = {isa = PBXBuildFile; fileRef = 9E4C9B41189C217A00665BC3 /* Cocoa.framework */; };
		9E4C9B4C189C217A00665BC3 /* InfoPlist.strings in Resources */ = {isa = PBXBuildFile; fileRef = 9E4C9B4A189C217A00665BC3 /* InfoPlist.strings */; };
		9E4C9B4E189C217A00665BC3 /* main.m in Sources */ = {isa = PBXBuildFile; fileRef = 9E4C9B4D189C217A00665BC3 /* main.m */; };
		9E4C9B55189C217A00665BC3 /* AppDelegate.m in Sources */ = {isa = PBXBuildFile; fileRef = 9E4C9B54189C217A00665BC3 /* AppDelegate.m */; };
		9E4C9B58189C217A00665BC3 /* MainMenu.xib in Resources */ = {isa = PBXBuildFile; fileRef = 9E4C9B56189C217A00665BC3 /* MainMenu.xib */; };
		9E4C9B5A189C217A00665BC3 /* Images.xcassets in Resources */ = {isa = PBXBuildFile; fileRef = 9E4C9B59189C217A00665BC3 /* Images.xcassets */; };
		9E4C9B61189C217A00665BC3 /* XCTest.framework in Frameworks */ = {isa = PBXBuildFile; fileRef = 9E4C9B60189C217A00665BC3 /* XCTest.framework */; };
		9E4C9B62189C217A00665BC3 /* Cocoa.framework in Frameworks */ = {isa = PBXBuildFile; fileRef = 9E4C9B41189C217A00665BC3 /* Cocoa.framework */; };
		9E4C9B6A189C217A00665BC3 /* InfoPlist.strings in Resources */ = {isa = PBXBuildFile; fileRef = 9E4C9B68189C217A00665BC3 /* InfoPlist.strings */; };
		9E4C9B6C189C217A00665BC3 /* Amazing_WeatherTests.m in Sources */ = {isa = PBXBuildFile; fileRef = 9E4C9B6B189C217A00665BC3 /* Amazing_WeatherTests.m */; };
/* End PBXBuildFile section */

/* Begin PBXContainerItemProxy section */
		9E4C9B63189C217A00665BC3 /* PBXContainerItemProxy */ = {
			isa = PBXContainerItemProxy;
			containerPortal = 9E4C9B36189C217A00665BC3 /* Project object */;
			proxyType = 1;
			remoteGlobalIDString = 9E4C9B3D189C217A00665BC3;
			remoteInfo = "Amazing Weather";
		};
/* End PBXContainerItemProxy section */

/* Begin PBXFileReference section */
		9E4C9B3E189C217A00665BC3 /* Amazing Weather.app */ = {isa = PBXFileReference; explicitFileType = wrapper.application; includeInIndex = 0; path = "Amazing Weather.app"; sourceTree = BUILT_PRODUCTS_DIR; };
		9E4C9B41189C217A00665BC3 /* Cocoa.framework */ = {isa = PBXFileReference; lastKnownFileType = wrapper.framework; name = Cocoa.framework; path = System/Library/Frameworks/Cocoa.framework; sourceTree = SDKROOT; };
		9E4C9B44189C217A00665BC3 /* AppKit.framework */ = {isa = PBXFileReference; lastKnownFileType = wrapper.framework; name = AppKit.framework; path = System/Library/Frameworks/AppKit.framework; sourceTree = SDKROOT; };
		9E4C9B45189C217A00665BC3 /* CoreData.framework */ = {isa = PBXFileReference; lastKnownFileType = wrapper.framework; name = CoreData.framework; path = System/Library/Frameworks/CoreData.framework; sourceTree = SDKROOT; };
		9E4C9B46189C217A00665BC3 /* Foundation.framework */ = {isa = PBXFileReference; lastKnownFileType = wrapper.framework; name = Foundation.framework; path = System/Library/Frameworks/Foundation.framework; sourceTree = SDKROOT; };
		9E4C9B49189C217A00665BC3 /* Amazing Weather-Info.plist */ = {isa = PBXFileReference; lastKnownFileType = text.plist.xml; path = "Amazing Weather-Info.plist"; sourceTree = "<group>"; };
		9E4C9B4B189C217A00665BC3 /* en */ = {isa = PBXFileReference; lastKnownFileType = text.plist.strings; name = en; path = en.lproj/InfoPlist.strings; sourceTree = "<group>"; };
		9E4C9B4D189C217A00665BC3 /* main.m */ = {isa = PBXFileReference; lastKnownFileType = sourcecode.c.objc; path = main.m; sourceTree = "<group>"; };
		9E4C9B4F189C217A00665BC3 /* Amazing Weather-Prefix.pch */ = {isa = PBXFileReference; lastKnownFileType = sourcecode.c.h; path = "Amazing Weather-Prefix.pch"; sourceTree = "<group>"; };
		9E4C9B53189C217A00665BC3 /* AppDelegate.h */ = {isa = PBXFileReference; lastKnownFileType = sourcecode.c.h; path = AppDelegate.h; sourceTree = "<group>"; };
		9E4C9B54189C217A00665BC3 /* AppDelegate.m */ = {isa = PBXFileReference; lastKnownFileType = sourcecode.c.objc; path = AppDelegate.m; sourceTree = "<group>"; };
		9E4C9B57189C217A00665BC3 /* Base */ = {isa = PBXFileReference; lastKnownFileType = file.xib; name = Base; path = Base.lproj/MainMenu.xib; sourceTree = "<group>"; };
		9E4C9B59189C217A00665BC3 /* Images.xcassets */ = {isa = PBXFileReference; lastKnownFileType = folder.assetcatalog; path = Images.xcassets; sourceTree = "<group>"; };
		9E4C9B5F189C217A00665BC3 /* Amazing WeatherTests.xctest */ = {isa = PBXFileReference; explicitFileType = wrapper.cfbundle; includeInIndex = 0; path = "Amazing WeatherTests.xctest"; sourceTree = BUILT_PRODUCTS_DIR; };
		9E4C9B60189C217A00665BC3 /* XCTest.framework */ = {isa = PBXFileReference; lastKnownFileType = wrapper.framework; name = XCTest.framework; path = Library/Frameworks/XCTest.framework; sourceTree = DEVELOPER_DIR; };
		9E4C9B67189C217A00665BC3 /* Amazing WeatherTests-Info.plist */ = {isa = PBXFileReference; lastKnownFileType = text.plist.xml; path = "Amazing WeatherTests-Info.plist"; sourceTree = "<group>"; };
		9E4C9B69189C217A00665BC3 /* en */ = {isa = PBXFileReference; lastKnownFileType = text.plist.strings; name = en; path = en.lproj/InfoPlist.strings; sourceTree = "<group>"; };
		9E4C9B6B189C217A00665BC3 /* Amazing_WeatherTests.m */ = {isa = PBXFileReference; lastKnownFileType = sourcecode.c.objc; path = Amazing_WeatherTests.m; sourceTree = "<group>"; };
/* End PBXFileReference section */

/* Begin PBXFrameworksBuildPhase section */
		9E4C9B3B189C217A00665BC3 /* Frameworks */ = {
			isa = PBXFrameworksBuildPhase;
			buildActionMask = 2147483647;
			files = (
				9E4C9B42189C217A00665BC3 /* Cocoa.framework in Frameworks */,
			);
			runOnlyForDeploymentPostprocessing = 0;
		};
		9E4C9B5C189C217A00665BC3 /* Frameworks */ = {
			isa = PBXFrameworksBuildPhase;
			buildActionMask = 2147483647;
			files = (
				9E4C9B62189C217A00665BC3 /* Cocoa.framework in Frameworks */,
				9E4C9B61189C217A00665BC3 /* XCTest.framework in Frameworks */,
			);
			runOnlyForDeploymentPostprocessing = 0;
		};
/* End PBXFrameworksBuildPhase section */

/* Begin PBXGroup section */
		9E4C9B35189C217A00665BC3 = {
			isa = PBXGroup;
			children = (
				9E4C9B47189C217A00665BC3 /* Amazing Weather */,
				9E4C9B65189C217A00665BC3 /* Amazing WeatherTests */,
				9E4C9B40189C217A00665BC3 /* Frameworks */,
				9E4C9B3F189C217A00665BC3 /* Products */,
			);
			sourceTree = "<group>";
		};
		9E4C9B3F189C217A00665BC3 /* Products */ = {
			isa = PBXGroup;
			children = (
				9E4C9B3E189C217A00665BC3 /* Amazing Weather.app */,
				9E4C9B5F189C217A00665BC3 /* Amazing WeatherTests.xctest */,
			);
			name = Products;
			sourceTree = "<group>";
		};
		9E4C9B40189C217A00665BC3 /* Frameworks */ = {
			isa = PBXGroup;
			children = (
				9E4C9B41189C217A00665BC3 /* Cocoa.framework */,
				9E4C9B60189C217A00665BC3 /* XCTest.framework */,
				9E4C9B43189C217A00665BC3 /* Other Frameworks */,
			);
			name = Frameworks;
			sourceTree = "<group>";
		};
		9E4C9B43189C217A00665BC3 /* Other Frameworks */ = {
			isa = PBXGroup;
			children = (
				9E4C9B44189C217A00665BC3 /* AppKit.framework */,
				9E4C9B45189C217A00665BC3 /* CoreData.framework */,
				9E4C9B46189C217A00665BC3 /* Foundation.framework */,
			);
			name = "Other Frameworks";
			sourceTree = "<group>";
		};
		9E4C9B47189C217A00665BC3 /* Amazing Weather */ = {
			isa = PBXGroup;
			children = (
				9E4C9B53189C217A00665BC3 /* AppDelegate.h */,
				9E4C9B54189C217A00665BC3 /* AppDelegate.m */,
				9E4C9B56189C217A00665BC3 /* MainMenu.xib */,
				9E4C9B59189C217A00665BC3 /* Images.xcassets */,
				9E4C9B48189C217A00665BC3 /* Supporting Files */,
			);
			path = "Amazing Weather";
			sourceTree = "<group>";
		};
		9E4C9B48189C217A00665BC3 /* Supporting Files */ = {
			isa = PBXGroup;
			children = (
				9E4C9B49189C217A00665BC3 /* Amazing Weather-Info.plist */,
				9E4C9B4A189C217A00665BC3 /* InfoPlist.strings */,
				9E4C9B4D189C217A00665BC3 /* main.m */,
				9E4C9B4F189C217A00665BC3 /* Amazing Weather-Prefix.pch */,
			);
			name = "Supporting Files";
			sourceTree = "<group>";
		};
		9E4C9B65189C217A00665BC3 /* Amazing WeatherTests */ = {
			isa = PBXGroup;
			children = (
				9E4C9B6B189C217A00665BC3 /* Amazing_WeatherTests.m */,
				9E4C9B66189C217A00665BC3 /* Supporting Files */,
			);
			path = "Amazing WeatherTests";
			sourceTree = "<group>";
		};
		9E4C9B66189C217A00665BC3 /* Supporting Files */ = {
			isa = PBXGroup;
			children = (
				9E4C9B67189C217A00665BC3 /* Amazing WeatherTests-Info.plist */,
				9E4C9B68189C217A00665BC3 /* InfoPlist.strings */,
			);
			name = "Supporting Files";
			sourceTree = "<group>";
		};
/* End PBXGroup section */

/* Begin PBXNativeTarget section */
		9E4C9B3D189C217A00665BC3 /* Amazing Weather */ = {
			isa = PBXNativeTarget;
			buildConfigurationList = 9E4C9B6F189C217A00665BC3 /* Build configuration list for PBXNativeTarget "Amazing Weather" */;
			buildPhases = (
				9E4C9B3A189C217A00665BC3 /* Sources */,
				9E4C9B3B189C217A00665BC3 /* Frameworks */,
				9E4C9B3C189C217A00665BC3 /* Resources */,
			);
			buildRules = (
			);
			dependencies = (
			);
			name = "Amazing Weather";
			productName = "Amazing Weather";
			productReference = 9E4C9B3E189C217A00665BC3 /* Amazing Weather.app */;
			productType = "com.apple.product-type.application";
		};
		9E4C9B5E189C217A00665BC3 /* Amazing WeatherTests */ = {
			isa = PBXNativeTarget;
			buildConfigurationList = 9E4C9B72189C217A00665BC3 /* Build configuration list for PBXNativeTarget "Amazing WeatherTests" */;
			buildPhases = (
				9E4C9B5B189C217A00665BC3 /* Sources */,
				9E4C9B5C189C217A00665BC3 /* Frameworks */,
				9E4C9B5D189C217A00665BC3 /* Resources */,
			);
			buildRules = (
			);
			dependencies = (
				9E4C9B64189C217A00665BC3 /* PBXTargetDependency */,
			);
			name = "Amazing WeatherTests";
			productName = "Amazing WeatherTests";
			productReference = 9E4C9B5F189C217A00665BC3 /* Amazing WeatherTests.xctest */;
			productType = "com.apple.product-type.bundle.unit-test";
		};
/* End PBXNativeTarget section */

/* Begin PBXProject section */
		9E4C9B36189C217A00665BC3 /* Project object */ = {
			isa = PBXProject;
			attributes = {
				LastUpgradeCheck = 0500;
				TargetAttributes = {
					9E4C9B5E189C217A00665BC3 = {
						TestTargetID = 9E4C9B3D189C217A00665BC3;
					};
				};
			};
			buildConfigurationList = 9E4C9B39189C217A00665BC3 /* Build configuration list for PBXProject "Amazing Weather" */;
			compatibilityVersion = "Xcode 3.2";
			developmentRegion = English;
			hasScannedForEncodings = 0;
			knownRegions = (
				en,
				Base,
			);
			mainGroup = 9E4C9B35189C217A00665BC3;
			productRefGroup = 9E4C9B3F189C217A00665BC3 /* Products */;
			projectDirPath = "";
			projectRoot = "";
			targets = (
				9E4C9B3D189C217A00665BC3 /* Amazing Weather */,
				9E4C9B5E189C217A00665BC3 /* Amazing WeatherTests */,
			);
		};
/* End PBXProject section */

/* Begin PBXResourcesBuildPhase section */
		9E4C9B3C189C217A00665BC3 /* Resources */ = {
			isa = PBXResourcesBuildPhase;
			buildActionMask = 2147483647;
			files = (
				9E4C9B4C189C217A00665BC3 /* InfoPlist.strings in Resources */,
				9E4C9B5A189C217A00665BC3 /* Images.xcassets in Resources */,
				9E4C9B58189C217A00665BC3 /* MainMenu.xib in Resources */,
			);
			runOnlyForDeploymentPostprocessing = 0;
		};
		9E4C9B5D189C217A00665BC3 /* Resources */ = {
			isa = PBXResourcesBuildPhase;
			buildActionMask = 2147483647;
			files = (
				9E4C9B6A189C217A00665BC3 /* InfoPlist.strings in Resources */,
			);
			runOnlyForDeploymentPostprocessing = 0;
		};
/* End PBXResourcesBuildPhase section */

/* Begin PBXSourcesBuildPhase section */
		9E4C9B3A189C217A00665BC3 /* Sources */ = {
			isa = PBXSourcesBuildPhase;
			buildActionMask = 2147483647;
			files = (
				9E4C9B55189C217A00665BC3 /* AppDelegate.m in Sources */,
				9E4C9B4E189C217A00665BC3 /* main.m in Sources */,
			);
			runOnlyForDeploymentPostprocessing = 0;
		};
		9E4C9B5B189C217A00665BC3 /* Sources */ = {
			isa = PBXSourcesBuildPhase;
			buildActionMask = 2147483647;
			files = (
				9E4C9B6C189C217A00665BC3 /* Amazing_WeatherTests.m in Sources */,
			);
			runOnlyForDeploymentPostprocessing = 0;
		};
/* End PBXSourcesBuildPhase section */

/* Begin PBXTargetDependency section */
		9E4C9B64189C217A00665BC3 /* PBXTargetDependency */ = {
			isa = PBXTargetDependency;
			target = 9E4C9B3D189C217A00665BC3 /* Amazing Weather */;
			targetProxy = 9E4C9B63189C217A00665BC3 /* PBXContainerItemProxy */;
		};
/* End PBXTargetDependency section */

/* Begin PBXVariantGroup section */
		9E4C9B4A189C217A00665BC3 /* InfoPlist.strings */ = {
			isa = PBXVariantGroup;
			children = (
				9E4C9B4B189C217A00665BC3 /* en */,
			);
			name = InfoPlist.strings;
			sourceTree = "<group>";
		};
		9E4C9B56189C217A00665BC3 /* MainMenu.xib */ = {
			isa = PBXVariantGroup;
			children = (
				9E4C9B57189C217A00665BC3 /* Base */,
			);
			name = MainMenu.xib;
			sourceTree = "<group>";
		};
		9E4C9B68189C217A00665BC3 /* InfoPlist.strings */ = {
			isa = PBXVariantGroup;
			children = (
				9E4C9B69189C217A00665BC3 /* en */,
			);
			name = InfoPlist.strings;
			sourceTree = "<group>";
		};
/* End PBXVariantGroup section */

/* Begin XCBuildConfiguration section */
		9E4C9B6D189C217A00665BC3 /* Debug */ = {
			isa = XCBuildConfiguration;
			buildSettings = {
				ALWAYS_SEARCH_USER_PATHS = NO;
				CLANG_CXX_LANGUAGE_STANDARD = "gnu++0x";
				CLANG_CXX_LIBRARY = "libc++";
				CLANG_ENABLE_OBJC_ARC = YES;
				CLANG_WARN_BOOL_CONVERSION = YES;
				CLANG_WARN_CONSTANT_CONVERSION = YES;
				CLANG_WARN_DIRECT_OBJC_ISA_USAGE = YES_ERROR;
				CLANG_WARN_EMPTY_BODY = YES;
				CLANG_WARN_ENUM_CONVERSION = YES;
				CLANG_WARN_INT_CONVERSION = YES;
				CLANG_WARN_OBJC_ROOT_CLASS = YES_ERROR;
				CLANG_WARN__DUPLICATE_METHOD_MATCH = YES;
				COPY_PHASE_STRIP = NO;
				GCC_C_LANGUAGE_STANDARD = gnu99;
				GCC_DYNAMIC_NO_PIC = NO;
				GCC_ENABLE_OBJC_EXCEPTIONS = YES;
				GCC_OPTIMIZATION_LEVEL = 0;
				GCC_PREPROCESSOR_DEFINITIONS = (
					"DEBUG=1",
					"$(inherited)",
				);
				GCC_SYMBOLS_PRIVATE_EXTERN = NO;
				GCC_WARN_64_TO_32_BIT_CONVERSION = YES;
				GCC_WARN_ABOUT_RETURN_TYPE = YES_ERROR;
				GCC_WARN_UNDECLARED_SELECTOR = YES;
				GCC_WARN_UNINITIALIZED_AUTOS = YES;
				GCC_WARN_UNUSED_FUNCTION = YES;
				GCC_WARN_UNUSED_VARIABLE = YES;
				MACOSX_DEPLOYMENT_TARGET = 10.9;
				ONLY_ACTIVE_ARCH = YES;
				SDKROOT = macosx;
			};
			name = Debug;
		};
		9E4C9B6E189C217A00665BC3 /* Release */ = {
			isa = XCBuildConfiguration;
			buildSettings = {
				ALWAYS_SEARCH_USER_PATHS = NO;
				CLANG_CXX_LANGUAGE_STANDARD = "gnu++0x";
				CLANG_CXX_LIBRARY = "libc++";
				CLANG_ENABLE_OBJC_ARC = YES;
				CLANG_WARN_BOOL_CONVERSION = YES;
				CLANG_WARN_CONSTANT_CONVERSION = YES;
				CLANG_WARN_DIRECT_OBJC_ISA_USAGE = YES_ERROR;
				CLANG_WARN_EMPTY_BODY = YES;
				CLANG_WARN_ENUM_CONVERSION = YES;
				CLANG_WARN_INT_CONVERSION = YES;
				CLANG_WARN_OBJC_ROOT_CLASS = YES_ERROR;
				CLANG_WARN__DUPLICATE_METHOD_MATCH = YES;
				COPY_PHASE_STRIP = YES;
				DEBUG_INFORMATION_FORMAT = "dwarf-with-dsym";
				ENABLE_NS_ASSERTIONS = NO;
				GCC_C_LANGUAGE_STANDARD = gnu99;
				GCC_ENABLE_OBJC_EXCEPTIONS = YES;
				GCC_WARN_64_TO_32_BIT_CONVERSION = YES;
				GCC_WARN_ABOUT_RETURN_TYPE = YES_ERROR;
				GCC_WARN_UNDECLARED_SELECTOR = YES;
				GCC_WARN_UNINITIALIZED_AUTOS = YES;
				GCC_WARN_UNUSED_FUNCTION = YES;
				GCC_WARN_UNUSED_VARIABLE = YES;
				MACOSX_DEPLOYMENT_TARGET = 10.9;
				SDKROOT = macosx;
			};
			name = Release;
		};
		9E4C9B70189C217A00665BC3 /* Debug */ = {
			isa = XCBuildConfiguration;
			buildSettings = {
				ASSETCATALOG_COMPILER_APPICON_NAME = AppIcon;
				COMBINE_HIDPI_IMAGES = YES;
				GCC_PRECOMPILE_PREFIX_HEADER = YES;
				GCC_PREFIX_HEADER = "Amazing Weather/Amazing Weather-Prefix.pch";
				INFOPLIST_FILE = "Amazing Weather/Amazing Weather-Info.plist";
				PRODUCT_NAME = "$(TARGET_NAME)";
				WRAPPER_EXTENSION = app;
			};
			name = Debug;
		};
		9E4C9B71189C217A00665BC3 /* Release */ = {
			isa = XCBuildConfiguration;
			buildSettings = {
				ASSETCATALOG_COMPILER_APPICON_NAME = AppIcon;
				COMBINE_HIDPI_IMAGES = YES;
				GCC_PRECOMPILE_PREFIX_HEADER = YES;
				GCC_PREFIX_HEADER = "Amazing Weather/Amazing Weather-Prefix.pch";
				INFOPLIST_FILE = "Amazing Weather/Amazing Weather-Info.plist";
				PRODUCT_NAME = "$(TARGET_NAME)";
				WRAPPER_EXTENSION = app;
			};
			name = Release;
		};
		9E4C9B73189C217A00665BC3 /* Debug */ = {
			isa = XCBuildConfiguration;
			buildSettings = {
				BUNDLE_LOADER = "$(BUILT_PRODUCTS_DIR)/Amazing Weather.app/Contents/MacOS/Amazing Weather";
				COMBINE_HIDPI_IMAGES = YES;
				FRAMEWORK_SEARCH_PATHS = (
					"$(DEVELOPER_FRAMEWORKS_DIR)",
					"$(inherited)",
				);
				GCC_PRECOMPILE_PREFIX_HEADER = YES;
				GCC_PREFIX_HEADER = "Amazing Weather/Amazing Weather-Prefix.pch";
				GCC_PREPROCESSOR_DEFINITIONS = (
					"DEBUG=1",
					"$(inherited)",
				);
				INFOPLIST_FILE = "Amazing WeatherTests/Amazing WeatherTests-Info.plist";
				PRODUCT_NAME = "$(TARGET_NAME)";
				TEST_HOST = "$(BUNDLE_LOADER)";
				WRAPPER_EXTENSION = xctest;
			};
			name = Debug;
		};
		9E4C9B74189C217A00665BC3 /* Release */ = {
			isa = XCBuildConfiguration;
			buildSettings = {
				BUNDLE_LOADER = "$(BUILT_PRODUCTS_DIR)/Amazing Weather.app/Contents/MacOS/Amazing Weather";
				COMBINE_HIDPI_IMAGES = YES;
				FRAMEWORK_SEARCH_PATHS = (
					"$(DEVELOPER_FRAMEWORKS_DIR)",
					"$(inherited)",
				);
				GCC_PRECOMPILE_PREFIX_HEADER = YES;
				GCC_PREFIX_HEADER = "Amazing Weather/Amazing Weather-Prefix.pch";
				INFOPLIST_FILE = "Amazing WeatherTests/Amazing WeatherTests-Info.plist";
				PRODUCT_NAME = "$(TARGET_NAME)";
				TEST_HOST = "$(BUNDLE_LOADER)";
				WRAPPER_EXTENSION = xctest;
			};
			name = Release;
		};
/* End XCBuildConfiguration section */

/* Begin XCConfigurationList section */
		9E4C9B39189C217A00665BC3 /* Build configuration list for PBXProject "Amazing Weather" */ = {
			isa = XCConfigurationList;
			buildConfigurations = (
				9E4C9B6D189C217A00665BC3 /* Debug */,
				9E4C9B6E189C217A00665BC3 /* Release */,
			);
			defaultConfigurationIsVisible = 0;
			defaultConfigurationName = Release;
		};
		9E4C9B6F189C217A00665BC3 /* Build configuration list for PBXNativeTarget "Amazing Weather" */ = {
			isa = XCConfigurationList;
			buildConfigurations = (
				9E4C9B70189C217A00665BC3 /* Debug */,
				9E4C9B71189C217A00665BC3 /* Release */,
			);
			defaultConfigurationIsVisible = 0;
			defaultConfigurationName = Release;
		};
		9E4C9B72189C217A00665BC3 /* Build configuration list for PBXNativeTarget "Amazing WeatherTests" */ = {
			isa = XCConfigurationList;
			buildConfigurations = (
				9E4C9B73189C217A00665BC3 /* Debug */,
				9E4C9B74189C217A00665BC3 /* Release */,
			);
			defaultConfigurationIsVisible = 0;
			defaultConfigurationName = Release;
		};
/* End XCConfigurationList section */
	};
	rootObject = 9E4C9B36189C217A00665BC3 /* Project object */;
}
